
Microsoft Visual Studio Solution File, Format Version 12.00
# Visual Studio Version 17
VisualStudioVersion = 17.6.33815.320
MinimumVisualStudioVersion = 10.0.40219.1
Project("{9A19103F-16F7-4668-BE54-9A1E7A4F7556}") = "MemorySpan", "src\MemorySpan.csproj", "{2DE7E416-A1C1-448A-B8CE-67BB4C9CAE9C}"
EndProject
Global
	GlobalSection(SolutionConfigurationPlatforms) = preSolution
		Debug|Any CPU = Debug|Any CPU
		Release|Any CPU = Release|Any CPU
	EndGlobalSection
	GlobalSection(ProjectConfigurationPlatforms) = postSolution
		{2DE7E416-A1C1-448A-B8CE-67BB4C9CAE9C}.Debug|Any CPU.ActiveCfg = Debug|Any CPU
		{2DE7E416-A1C1-448A-B8CE-67BB4C9CAE9C}.Debug|Any CPU.Build.0 = Debug|Any CPU
		{2DE7E416-A1C1-448A-B8CE-67BB4C9CAE9C}.Release|Any CPU.ActiveCfg = Release|Any CPU
		{2DE7E416-A1C1-448A-B8CE-67BB4C9CAE9C}.Release|Any CPU.Build.0 = Release|Any CPU
	EndGlobalSection
	GlobalSection(SolutionProperties) = preSolution
		HideSolutionNode = FALSE
	EndGlobalSection
	GlobalSection(ExtensibilityGlobals) = postSolution
		SolutionGuid = {456F9EFF-4F70-4819-9B13-583D7A59269D}
	EndGlobalSection
EndGlobal
